
Microsoft Visual Studio Solution File, Format Version 12.00
# Visual Studio Version 16
VisualStudioVersion = 16.0.29215.179
MinimumVisualStudioVersion = 10.0.40219.1
Project("{FAE04EC0-301F-11D3-BF4B-00C04F79EFBC}") = "1zadanie", "1zadanie\1zadanie.csproj", "{9484A745-CD85-4D10-BC1B-4DA8E7B629DF}"
EndProject
Global
	GlobalSection(SolutionConfigurationPlatforms) = preSolution
		Debug|Any CPU = Debug|Any CPU
		Release|Any CPU = Release|Any CPU
	EndGlobalSection
	GlobalSection(ProjectConfigurationPlatforms) = postSolution
		{9484A745-CD85-4D10-BC1B-4DA8E7B629DF}.Debug|Any CPU.ActiveCfg = Debug|Any CPU
		{9484A745-CD85-4D10-BC1B-4DA8E7B629DF}.Debug|Any CPU.Build.0 = Debug|Any CPU
		{9484A745-CD85-4D10-BC1B-4DA8E7B629DF}.Release|Any CPU.ActiveCfg = Release|Any CPU
		{9484A745-CD85-4D10-BC1B-4DA8E7B629DF}.Release|Any CPU.Build.0 = Release|Any CPU
	EndGlobalSection
	GlobalSection(SolutionProperties) = preSolution
		HideSolutionNode = FALSE
	EndGlobalSection
	GlobalSection(ExtensibilityGlobals) = postSolution
		SolutionGuid = {693250D6-3A27-470C-BD60-54B9A2A3A6DA}
	EndGlobalSection
EndGlobal
