
Microsoft Visual Studio Solution File, Format Version 12.00
# Visual Studio 15
VisualStudioVersion = 15.0.28010.2003
MinimumVisualStudioVersion = 10.0.40219.1
Project("{FAE04EC0-301F-11D3-BF4B-00C04F79EFBC}") = "Lab4", "lab4\Lab4.csproj", "{70CD8688-1125-4E8D-A607-16B5EA7BF70A}"
EndProject
Project("{FAE04EC0-301F-11D3-BF4B-00C04F79EFBC}") = "Lab4.Tests", "Lab4 Tests\Lab4.Tests.csproj", "{CF112454-7F15-4559-BABC-FEA716715FE0}"
	ProjectSection(ProjectDependencies) = postProject
		{70CD8688-1125-4E8D-A607-16B5EA7BF70A} = {70CD8688-1125-4E8D-A607-16B5EA7BF70A}
	EndProjectSection
EndProject
Global
	GlobalSection(SolutionConfigurationPlatforms) = preSolution
		Debug|Any CPU = Debug|Any CPU
		Debug|ARM = Debug|ARM
		Debug|x64 = Debug|x64
		Debug|x86 = Debug|x86
		Release|Any CPU = Release|Any CPU
		Release|ARM = Release|ARM
		Release|x64 = Release|x64
		Release|x86 = Release|x86
	EndGlobalSection
	GlobalSection(ProjectConfigurationPlatforms) = postSolution
		{70CD8688-1125-4E8D-A607-16B5EA7BF70A}.Debug|Any CPU.ActiveCfg = Debug|Any CPU
		{70CD8688-1125-4E8D-A607-16B5EA7BF70A}.Debug|Any CPU.Build.0 = Debug|Any CPU
		{70CD8688-1125-4E8D-A607-16B5EA7BF70A}.Debug|ARM.ActiveCfg = Debug|Any CPU
		{70CD8688-1125-4E8D-A607-16B5EA7BF70A}.Debug|ARM.Build.0 = Debug|Any CPU
		{70CD8688-1125-4E8D-A607-16B5EA7BF70A}.Debug|x64.ActiveCfg = Debug|Any CPU
		{70CD8688-1125-4E8D-A607-16B5EA7BF70A}.Debug|x64.Build.0 = Debug|Any CPU
		{70CD8688-1125-4E8D-A607-16B5EA7BF70A}.Debug|x86.ActiveCfg = Debug|Any CPU
		{70CD8688-1125-4E8D-A607-16B5EA7BF70A}.Debug|x86.Build.0 = Debug|Any CPU
		{70CD8688-1125-4E8D-A607-16B5EA7BF70A}.Release|Any CPU.ActiveCfg = Release|Any CPU
		{70CD8688-1125-4E8D-A607-16B5EA7BF70A}.Release|Any CPU.Build.0 = Release|Any CPU
		{70CD8688-1125-4E8D-A607-16B5EA7BF70A}.Release|ARM.ActiveCfg = Release|Any CPU
		{70CD8688-1125-4E8D-A607-16B5EA7BF70A}.Release|ARM.Build.0 = Release|Any CPU
		{70CD8688-1125-4E8D-A607-16B5EA7BF70A}.Release|x64.ActiveCfg = Release|Any CPU
		{70CD8688-1125-4E8D-A607-16B5EA7BF70A}.Release|x64.Build.0 = Release|Any CPU
		{70CD8688-1125-4E8D-A607-16B5EA7BF70A}.Release|x86.ActiveCfg = Release|Any CPU
		{70CD8688-1125-4E8D-A607-16B5EA7BF70A}.Release|x86.Build.0 = Release|Any CPU
		{CF112454-7F15-4559-BABC-FEA716715FE0}.Debug|Any CPU.ActiveCfg = Debug|Any CPU
		{CF112454-7F15-4559-BABC-FEA716715FE0}.Debug|Any CPU.Build.0 = Debug|Any CPU
		{CF112454-7F15-4559-BABC-FEA716715FE0}.Debug|ARM.ActiveCfg = Debug|Any CPU
		{CF112454-7F15-4559-BABC-FEA716715FE0}.Debug|ARM.Build.0 = Debug|Any CPU
		{CF112454-7F15-4559-BABC-FEA716715FE0}.Debug|x64.ActiveCfg = Debug|Any CPU
		{CF112454-7F15-4559-BABC-FEA716715FE0}.Debug|x64.Build.0 = Debug|Any CPU
		{CF112454-7F15-4559-BABC-FEA716715FE0}.Debug|x86.ActiveCfg = Debug|Any CPU
		{CF112454-7F15-4559-BABC-FEA716715FE0}.Debug|x86.Build.0 = Debug|Any CPU
		{CF112454-7F15-4559-BABC-FEA716715FE0}.Release|Any CPU.ActiveCfg = Release|Any CPU
		{CF112454-7F15-4559-BABC-FEA716715FE0}.Release|Any CPU.Build.0 = Release|Any CPU
		{CF112454-7F15-4559-BABC-FEA716715FE0}.Release|ARM.ActiveCfg = Release|Any CPU
		{CF112454-7F15-4559-BABC-FEA716715FE0}.Release|ARM.Build.0 = Release|Any CPU
		{CF112454-7F15-4559-BABC-FEA716715FE0}.Release|x64.ActiveCfg = Release|Any CPU
		{CF112454-7F15-4559-BABC-FEA716715FE0}.Release|x64.Build.0 = Release|Any CPU
		{CF112454-7F15-4559-BABC-FEA716715FE0}.Release|x86.ActiveCfg = Release|Any CPU
		{CF112454-7F15-4559-BABC-FEA716715FE0}.Release|x86.Build.0 = Release|Any CPU
	EndGlobalSection
	GlobalSection(SolutionProperties) = preSolution
		HideSolutionNode = FALSE
	EndGlobalSection
	GlobalSection(ExtensibilityGlobals) = postSolution
		SolutionGuid = {85C3855C-A4A0-49A1-A3A9-1BAF7CD3D86E}
	EndGlobalSection
EndGlobal
